
Microsoft Visual Studio Solution File, Format Version 12.00
# Visual Studio 15
VisualStudioVersion = 15.0.26730.16
MinimumVisualStudioVersion = 10.0.40219.1
Project("{FAE04EC0-301F-11D3-BF4B-00C04F79EFBC}") = "VirusV8_Server", "VirusV8\VirusV8_Server.csproj", "{0D63838A-7920-47A1-B830-D40BBDEDCAF9}"
EndProject
Project("{FAE04EC0-301F-11D3-BF4B-00C04F79EFBC}") = "VirusV8_Client", "VirusV8_Client\VirusV8_Client.csproj", "{CF8A3851-D327-4FA6-A9A9-CAC378C4E943}"
EndProject
Global
	GlobalSection(SolutionConfigurationPlatforms) = preSolution
		Debug|Any CPU = Debug|Any CPU
		Release|Any CPU = Release|Any CPU
	EndGlobalSection
	GlobalSection(ProjectConfigurationPlatforms) = postSolution
		{0D63838A-7920-47A1-B830-D40BBDEDCAF9}.Debug|Any CPU.ActiveCfg = Debug|Any CPU
		{0D63838A-7920-47A1-B830-D40BBDEDCAF9}.Debug|Any CPU.Build.0 = Debug|Any CPU
		{0D63838A-7920-47A1-B830-D40BBDEDCAF9}.Release|Any CPU.ActiveCfg = Release|Any CPU
		{0D63838A-7920-47A1-B830-D40BBDEDCAF9}.Release|Any CPU.Build.0 = Release|Any CPU
		{CF8A3851-D327-4FA6-A9A9-CAC378C4E943}.Debug|Any CPU.ActiveCfg = Debug|Any CPU
		{CF8A3851-D327-4FA6-A9A9-CAC378C4E943}.Debug|Any CPU.Build.0 = Debug|Any CPU
		{CF8A3851-D327-4FA6-A9A9-CAC378C4E943}.Release|Any CPU.ActiveCfg = Release|Any CPU
		{CF8A3851-D327-4FA6-A9A9-CAC378C4E943}.Release|Any CPU.Build.0 = Release|Any CPU
	EndGlobalSection
	GlobalSection(SolutionProperties) = preSolution
		HideSolutionNode = FALSE
	EndGlobalSection
	GlobalSection(ExtensibilityGlobals) = postSolution
		SolutionGuid = {0CC09971-6BA7-4147-9BDD-72C98A747541}
	EndGlobalSection
EndGlobal
